
Microsoft Visual Studio Solution File, Format Version 12.00
# Visual Studio Version 17
VisualStudioVersion = 17.2.32210.308
MinimumVisualStudioVersion = 10.0.40219.1
Project("{9A19103F-16F7-4668-BE54-9A1E7A4F7556}") = "Articles.Api", "Apis\Articles.Api\Articles.Api.csproj", "{E0A7EA8A-4FCF-4520-94A6-6B0DEFACF4F0}"
EndProject
Project("{9A19103F-16F7-4668-BE54-9A1E7A4F7556}") = "Articles.Api.Test", "Apis\Articles.Api.Test\Articles.Api.Test.csproj", "{A8F24D89-26DC-4ACB-9260-B7F7C97E5B5A}"
EndProject
Project("{2150E333-8FDC-42A3-9474-1A3956D46DE8}") = "Clients", "Clients", "{532E425D-4CA8-497B-968C-723ED5E585EF}"
EndProject
Project("{2150E333-8FDC-42A3-9474-1A3956D46DE8}") = "Apis", "Apis", "{56D1258A-1DAF-45D7-8758-0A593F6F9960}"
EndProject
Project("{9A19103F-16F7-4668-BE54-9A1E7A4F7556}") = "Articles.Client", "Clients\Articles.Client\Articles.Client.csproj", "{A626FE53-C2E3-449A-8A72-CEBA1596109C}"
EndProject
Project("{9A19103F-16F7-4668-BE54-9A1E7A4F7556}") = "Articles.Client.Test", "Clients\Articles.Client.Test\Articles.Client.Test.csproj", "{85E2C19B-4A4A-4E10-B4A4-400F6949B498}"
EndProject
Project("{2150E333-8FDC-42A3-9474-1A3956D46DE8}") = "Shared", "Shared", "{F320C4F7-2E36-4291-BB60-C954D5357DFE}"
EndProject
Project("{9A19103F-16F7-4668-BE54-9A1E7A4F7556}") = "Articles.Database", "Shared\Articles.DataBase\Articles.Database.csproj", "{2040676A-1EAC-4E6F-A9CB-B8DE561D30EA}"
EndProject
Project("{9A19103F-16F7-4668-BE54-9A1E7A4F7556}") = "Articles.Models", "Shared\Articles.Models\Articles.Models.csproj", "{C192873A-9CC2-41B9-BB02-5AD247803245}"
EndProject
Project("{9A19103F-16F7-4668-BE54-9A1E7A4F7556}") = "Articles.Client.Test.Specs", "Clients\Articles.Client.Test.Specs\Articles.Client.Test.Specs.csproj", "{394C3F23-393D-4F7D-BC83-6BB9E94EB74B}"
EndProject
Project("{9A19103F-16F7-4668-BE54-9A1E7A4F7556}") = "Articles.Helper", "Shared\Article.Helper\Articles.Helper.csproj", "{B309CE74-0F30-43EF-9C9C-5BB1FBA2C9E3}"
EndProject
Project("{9A19103F-16F7-4668-BE54-9A1E7A4F7556}") = "Articles.Models.Tests", "shared\Articles.Models.Tests\Articles.Models.Tests.csproj", "{150BEACC-F02D-4996-BF62-047616CC3699}"
EndProject
Project("{9A19103F-16F7-4668-BE54-9A1E7A4F7556}") = "Articles.Test.Helper", "shared\Articles.Test.Helper\Articles.Test.Helper.csproj", "{F40F7362-6F29-4952-9F33-EC2F40855AE9}"
EndProject
Project("{9A19103F-16F7-4668-BE54-9A1E7A4F7556}") = "Articles.Database.Tests", "Shared\Articles.Database.Tests\Articles.Database.Tests.csproj", "{79F5BA60-7BBA-4E39-9848-4904D24FDBC2}"
EndProject
Global
	GlobalSection(SolutionConfigurationPlatforms) = preSolution
		Debug|Any CPU = Debug|Any CPU
		Release|Any CPU = Release|Any CPU
	EndGlobalSection
	GlobalSection(ProjectConfigurationPlatforms) = postSolution
		{E0A7EA8A-4FCF-4520-94A6-6B0DEFACF4F0}.Debug|Any CPU.ActiveCfg = Debug|Any CPU
		{E0A7EA8A-4FCF-4520-94A6-6B0DEFACF4F0}.Debug|Any CPU.Build.0 = Debug|Any CPU
		{E0A7EA8A-4FCF-4520-94A6-6B0DEFACF4F0}.Release|Any CPU.ActiveCfg = Release|Any CPU
		{E0A7EA8A-4FCF-4520-94A6-6B0DEFACF4F0}.Release|Any CPU.Build.0 = Release|Any CPU
		{A8F24D89-26DC-4ACB-9260-B7F7C97E5B5A}.Debug|Any CPU.ActiveCfg = Debug|Any CPU
		{A8F24D89-26DC-4ACB-9260-B7F7C97E5B5A}.Debug|Any CPU.Build.0 = Debug|Any CPU
		{A8F24D89-26DC-4ACB-9260-B7F7C97E5B5A}.Release|Any CPU.ActiveCfg = Release|Any CPU
		{A8F24D89-26DC-4ACB-9260-B7F7C97E5B5A}.Release|Any CPU.Build.0 = Release|Any CPU
		{A626FE53-C2E3-449A-8A72-CEBA1596109C}.Debug|Any CPU.ActiveCfg = Debug|Any CPU
		{A626FE53-C2E3-449A-8A72-CEBA1596109C}.Debug|Any CPU.Build.0 = Debug|Any CPU
		{A626FE53-C2E3-449A-8A72-CEBA1596109C}.Release|Any CPU.ActiveCfg = Release|Any CPU
		{A626FE53-C2E3-449A-8A72-CEBA1596109C}.Release|Any CPU.Build.0 = Release|Any CPU
		{85E2C19B-4A4A-4E10-B4A4-400F6949B498}.Debug|Any CPU.ActiveCfg = Debug|Any CPU
		{85E2C19B-4A4A-4E10-B4A4-400F6949B498}.Debug|Any CPU.Build.0 = Debug|Any CPU
		{85E2C19B-4A4A-4E10-B4A4-400F6949B498}.Release|Any CPU.ActiveCfg = Release|Any CPU
		{85E2C19B-4A4A-4E10-B4A4-400F6949B498}.Release|Any CPU.Build.0 = Release|Any CPU
		{2040676A-1EAC-4E6F-A9CB-B8DE561D30EA}.Debug|Any CPU.ActiveCfg = Debug|Any CPU
		{2040676A-1EAC-4E6F-A9CB-B8DE561D30EA}.Debug|Any CPU.Build.0 = Debug|Any CPU
		{2040676A-1EAC-4E6F-A9CB-B8DE561D30EA}.Release|Any CPU.ActiveCfg = Release|Any CPU
		{2040676A-1EAC-4E6F-A9CB-B8DE561D30EA}.Release|Any CPU.Build.0 = Release|Any CPU
		{C192873A-9CC2-41B9-BB02-5AD247803245}.Debug|Any CPU.ActiveCfg = Debug|Any CPU
		{C192873A-9CC2-41B9-BB02-5AD247803245}.Debug|Any CPU.Build.0 = Debug|Any CPU
		{C192873A-9CC2-41B9-BB02-5AD247803245}.Release|Any CPU.ActiveCfg = Release|Any CPU
		{C192873A-9CC2-41B9-BB02-5AD247803245}.Release|Any CPU.Build.0 = Release|Any CPU
		{394C3F23-393D-4F7D-BC83-6BB9E94EB74B}.Debug|Any CPU.ActiveCfg = Debug|Any CPU
		{394C3F23-393D-4F7D-BC83-6BB9E94EB74B}.Debug|Any CPU.Build.0 = Debug|Any CPU
		{394C3F23-393D-4F7D-BC83-6BB9E94EB74B}.Release|Any CPU.ActiveCfg = Release|Any CPU
		{394C3F23-393D-4F7D-BC83-6BB9E94EB74B}.Release|Any CPU.Build.0 = Release|Any CPU
		{B309CE74-0F30-43EF-9C9C-5BB1FBA2C9E3}.Debug|Any CPU.ActiveCfg = Debug|Any CPU
		{B309CE74-0F30-43EF-9C9C-5BB1FBA2C9E3}.Debug|Any CPU.Build.0 = Debug|Any CPU
		{B309CE74-0F30-43EF-9C9C-5BB1FBA2C9E3}.Release|Any CPU.ActiveCfg = Release|Any CPU
		{B309CE74-0F30-43EF-9C9C-5BB1FBA2C9E3}.Release|Any CPU.Build.0 = Release|Any CPU
		{150BEACC-F02D-4996-BF62-047616CC3699}.Debug|Any CPU.ActiveCfg = Debug|Any CPU
		{150BEACC-F02D-4996-BF62-047616CC3699}.Debug|Any CPU.Build.0 = Debug|Any CPU
		{150BEACC-F02D-4996-BF62-047616CC3699}.Release|Any CPU.ActiveCfg = Release|Any CPU
		{150BEACC-F02D-4996-BF62-047616CC3699}.Release|Any CPU.Build.0 = Release|Any CPU
		{F40F7362-6F29-4952-9F33-EC2F40855AE9}.Debug|Any CPU.ActiveCfg = Debug|Any CPU
		{F40F7362-6F29-4952-9F33-EC2F40855AE9}.Debug|Any CPU.Build.0 = Debug|Any CPU
		{F40F7362-6F29-4952-9F33-EC2F40855AE9}.Release|Any CPU.ActiveCfg = Release|Any CPU
		{F40F7362-6F29-4952-9F33-EC2F40855AE9}.Release|Any CPU.Build.0 = Release|Any CPU
		{79F5BA60-7BBA-4E39-9848-4904D24FDBC2}.Debug|Any CPU.ActiveCfg = Debug|Any CPU
		{79F5BA60-7BBA-4E39-9848-4904D24FDBC2}.Debug|Any CPU.Build.0 = Debug|Any CPU
		{79F5BA60-7BBA-4E39-9848-4904D24FDBC2}.Release|Any CPU.ActiveCfg = Release|Any CPU
		{79F5BA60-7BBA-4E39-9848-4904D24FDBC2}.Release|Any CPU.Build.0 = Release|Any CPU
	EndGlobalSection
	GlobalSection(SolutionProperties) = preSolution
		HideSolutionNode = FALSE
	EndGlobalSection
	GlobalSection(NestedProjects) = preSolution
		{E0A7EA8A-4FCF-4520-94A6-6B0DEFACF4F0} = {56D1258A-1DAF-45D7-8758-0A593F6F9960}
		{A8F24D89-26DC-4ACB-9260-B7F7C97E5B5A} = {56D1258A-1DAF-45D7-8758-0A593F6F9960}
		{A626FE53-C2E3-449A-8A72-CEBA1596109C} = {532E425D-4CA8-497B-968C-723ED5E585EF}
		{85E2C19B-4A4A-4E10-B4A4-400F6949B498} = {532E425D-4CA8-497B-968C-723ED5E585EF}
		{2040676A-1EAC-4E6F-A9CB-B8DE561D30EA} = {F320C4F7-2E36-4291-BB60-C954D5357DFE}
		{C192873A-9CC2-41B9-BB02-5AD247803245} = {F320C4F7-2E36-4291-BB60-C954D5357DFE}
		{394C3F23-393D-4F7D-BC83-6BB9E94EB74B} = {532E425D-4CA8-497B-968C-723ED5E585EF}
		{B309CE74-0F30-43EF-9C9C-5BB1FBA2C9E3} = {F320C4F7-2E36-4291-BB60-C954D5357DFE}
		{150BEACC-F02D-4996-BF62-047616CC3699} = {F320C4F7-2E36-4291-BB60-C954D5357DFE}
		{F40F7362-6F29-4952-9F33-EC2F40855AE9} = {F320C4F7-2E36-4291-BB60-C954D5357DFE}
		{79F5BA60-7BBA-4E39-9848-4904D24FDBC2} = {F320C4F7-2E36-4291-BB60-C954D5357DFE}
	EndGlobalSection
	GlobalSection(ExtensibilityGlobals) = postSolution
		SolutionGuid = {311AC55A-42C8-448A-B763-D85C59009872}
	EndGlobalSection
EndGlobal
